
Microsoft Visual Studio Solution File, Format Version 12.00
Project("{2150E333-8FDC-42A3-9474-1A3956D46DE8}") = "src", "src", "{CBC776C0-7619-4889-9677-8405EBDE87AE}"
EndProject
Project("{2150E333-8FDC-42A3-9474-1A3956D46DE8}") = "Api", "Api", "{910F1499-EFC3-42C6-8E75-23DEA3FC48A1}"
EndProject
Project("{2150E333-8FDC-42A3-9474-1A3956D46DE8}") = "Modules", "Modules", "{BF40A5C8-37ED-44EF-92CD-75672546FF7D}"
EndProject
Project("{FAE04EC0-301F-11D3-BF4B-00C04F79EFBC}") = "Evently.Api", "Api\Evently.Api\Evently.Api.csproj", "{6B9B9877-1915-4CB8-B2D0-E23485CA0286}"
EndProject
Project("{FAE04EC0-301F-11D3-BF4B-00C04F79EFBC}") = "Evently.Modules.Events.Domain", "Modules\Events\Evently.Modules.Events.Domain\Evently.Modules.Events.Domain.csproj", "{947943ED-ECC6-4387-A8BE-D752604511B0}"
EndProject
Project("{2150E333-8FDC-42A3-9474-1A3956D46DE8}") = "Events", "Events", "{5918C38D-63BE-4C8D-9C33-F1137E0CD8B1}"
EndProject
Project("{FAE04EC0-301F-11D3-BF4B-00C04F79EFBC}") = "Evently.Modules.Events.Application", "Modules\Events\Evently.Modules.Events.Application\Evently.Modules.Events.Application.csproj", "{03E10F96-E05B-4C71-B0EB-28D2C4751037}"
EndProject
Project("{FAE04EC0-301F-11D3-BF4B-00C04F79EFBC}") = "Evently.Modules.Events.Infrastructure", "Modules\Events\Evently.Modules.Events.Infrastructure\Evently.Modules.Events.Infrastructure.csproj", "{C458BF60-CDF5-4D61-A000-CE32817CE3F1}"
EndProject
Project("{FAE04EC0-301F-11D3-BF4B-00C04F79EFBC}") = "Evently.Modules.Events.Presentation", "Modules\Events\Evently.Modules.Events.Presentation\Evently.Modules.Events.Presentation.csproj", "{EF1291AC-182B-43DC-92FA-C53F5E03E7D9}"
EndProject
Project("{2150E333-8FDC-42A3-9474-1A3956D46DE8}") = "Common", "Common", "{A4353BC3-5425-4A47-8923-03383E62FF8C}"
EndProject
Project("{FAE04EC0-301F-11D3-BF4B-00C04F79EFBC}") = "Evently.Common.Application", "Common\Evently.Common.Application\Evently.Common.Application.csproj", "{88A26315-E0C8-4694-B5E3-866EFFE36408}"
EndProject
Project("{FAE04EC0-301F-11D3-BF4B-00C04F79EFBC}") = "Evently.Common.Domain", "Common\Evently.Common.Domain\Evently.Common.Domain.csproj", "{A67C577C-EEF1-4BE0-8060-C86C7AD4FAE5}"
EndProject
Project("{FAE04EC0-301F-11D3-BF4B-00C04F79EFBC}") = "Evently.Common.Infrastructure", "Common\Evently.Common.Infrastructure\Evently.Common.Infrastructure.csproj", "{510AE66B-10B7-42D8-9547-DE01613369AB}"
EndProject
Project("{FAE04EC0-301F-11D3-BF4B-00C04F79EFBC}") = "Evently.Common.Presentation", "Common\Evently.Common.Presentation\Evently.Common.Presentation.csproj", "{95450949-B17D-4D13-BD0A-719B37438978}"
EndProject
Project("{2150E333-8FDC-42A3-9474-1A3956D46DE8}") = "Users", "Users", "{45DAA2B4-3B8C-444C-9374-285095804D51}"
EndProject
Project("{FAE04EC0-301F-11D3-BF4B-00C04F79EFBC}") = "Evently.Modules.Users.Domain", "Modules\Users\Evently.Modules.Users.Domain\Evently.Modules.Users.Domain.csproj", "{31407A95-C36F-400F-A6C0-8493C6903DD8}"
EndProject
Project("{FAE04EC0-301F-11D3-BF4B-00C04F79EFBC}") = "Evently.Modules.Users.Application", "Modules\Users\Evently.Modules.Users.Application\Evently.Modules.Users.Application.csproj", "{9585569F-A839-40BB-BDC9-0FA7B7506E14}"
EndProject
Project("{FAE04EC0-301F-11D3-BF4B-00C04F79EFBC}") = "Evently.Modules.Users.Infrastructure", "Modules\Users\Evently.Modules.Users.Infrastructure\Evently.Modules.Users.Infrastructure.csproj", "{99005AFA-4443-4C2A-88E9-F923B0338D2E}"
EndProject
Project("{FAE04EC0-301F-11D3-BF4B-00C04F79EFBC}") = "Evently.Modules.Users.Presentation", "Modules\Users\Evently.Modules.Users.Presentation\Evently.Modules.Users.Presentation.csproj", "{7522AF13-975B-425B-A0BC-7FF46E354F7B}"
EndProject
Project("{2150E333-8FDC-42A3-9474-1A3956D46DE8}") = "Ticketing", "Ticketing", "{8A00D266-25F3-41F8-845E-9BE9DCB0D27B}"
EndProject
Project("{FAE04EC0-301F-11D3-BF4B-00C04F79EFBC}") = "Evently.Modules.Ticketing.Domain", "Modules\Ticketing\Evently.Modules.Ticketing.Domain\Evently.Modules.Ticketing.Domain.csproj", "{B4651446-13DA-4FF7-A3EC-B14B9C847DB5}"
EndProject
Project("{FAE04EC0-301F-11D3-BF4B-00C04F79EFBC}") = "Evently.Modules.Ticketing.Application", "Modules\Ticketing\Evently.Modules.Ticketing.Application\Evently.Modules.Ticketing.Application.csproj", "{BE7D6C08-F209-41E1-8F50-260892741903}"
EndProject
Project("{FAE04EC0-301F-11D3-BF4B-00C04F79EFBC}") = "Evently.Modules.Ticketing.Infrastructure", "Modules\Ticketing\Evently.Modules.Ticketing.Infrastructure\Evently.Modules.Ticketing.Infrastructure.csproj", "{196F73FA-E614-49A1-BE0E-4FC40D8E91DB}"
EndProject
Project("{FAE04EC0-301F-11D3-BF4B-00C04F79EFBC}") = "Evently.Modules.Ticketing.Presentation", "Modules\Ticketing\Evently.Modules.Ticketing.Presentation\Evently.Modules.Ticketing.Presentation.csproj", "{B2AD8179-0587-4D39-980E-B1E47EAE592A}"
EndProject
Project("{2150E333-8FDC-42A3-9474-1A3956D46DE8}") = "Web", "Web", "{E8B8A8B8-F8B9-4464-8D73-41E58863DFDE}"
EndProject
Project("{FAE04EC0-301F-11D3-BF4B-00C04F79EFBC}") = "Evently.Web", "Web\Evently.Web\Evently.Web.csproj", "{2D30B9CA-E59D-4A8D-88AB-C072FB811048}"
EndProject
Project("{FAE04EC0-301F-11D3-BF4B-00C04F79EFBC}") = "Evently.Modules.Users.IntegrationEvents", "Modules\Users\Evently.Modules.Users.IntegrationEvents\Evently.Modules.Users.IntegrationEvents.csproj", "{DCC5E461-A739-4DD6-B906-BE6CE61A3EEB}"
EndProject
Project("{FAE04EC0-301F-11D3-BF4B-00C04F79EFBC}") = "Evently.Modules.Events.IntegrationEvents", "Modules\Events\Evently.Modules.Events.IntegrationEvents\Evently.Modules.Events.IntegrationEvents.csproj", "{F1063EA9-417E-4D88-B1D5-F56B17BA15AD}"
EndProject
Project("{2150E333-8FDC-42A3-9474-1A3956D46DE8}") = "Attendance", "Attendance", "{F642188A-51BD-4CB0-A50F-FD1029E5FD30}"
EndProject
Project("{FAE04EC0-301F-11D3-BF4B-00C04F79EFBC}") = "Evently.Modules.Attendance.Domain", "Modules\Attendance\Evently.Modules.Attendance.Domain\Evently.Modules.Attendance.Domain.csproj", "{0FACEC65-8461-4DFA-A6F0-90A22E81BB27}"
EndProject
Project("{FAE04EC0-301F-11D3-BF4B-00C04F79EFBC}") = "Evently.Modules.Attendance.Application", "Modules\Attendance\Evently.Modules.Attendance.Application\Evently.Modules.Attendance.Application.csproj", "{A425945E-C538-4F91-BA52-F20F3D2DAD9C}"
EndProject
Project("{FAE04EC0-301F-11D3-BF4B-00C04F79EFBC}") = "Evently.Modules.Attendance.Presentation", "Modules\Attendance\Evently.Modules.Attendance.Presentation\Evently.Modules.Attendance.Presentation.csproj", "{45F22D1B-BE51-460D-8B34-4CDC7B1BA39B}"
EndProject
Project("{FAE04EC0-301F-11D3-BF4B-00C04F79EFBC}") = "Evently.Modules.Attendance.Infrastructure", "Modules\Attendance\Evently.Modules.Attendance.Infrastructure\Evently.Modules.Attendance.Infrastructure.csproj", "{92C69840-8C1A-459A-A1A5-7BCBEF158A31}"
EndProject
Project("{FAE04EC0-301F-11D3-BF4B-00C04F79EFBC}") = "Evently.Modules.Attendance.IntegrationEvents", "Modules\Attendance\Evently.Modules.Attendance.IntegrationEvents\Evently.Modules.Attendance.IntegrationEvents.csproj", "{62A2852B-D920-4A63-AC87-733D1BF914D7}"
EndProject
Project("{2150E333-8FDC-42A3-9474-1A3956D46DE8}") = "test", "test", "{1334D7DA-E2EF-42A4-A52E-968AA920F0A0}"
EndProject
Project("{FAE04EC0-301F-11D3-BF4B-00C04F79EFBC}") = "Evently.Architecture.Tests", "test\Evently.Architecture.Tests\Evently.Architecture.Tests.csproj", "{B74D56C2-CA95-4838-AC45-5345910FF88A}"
EndProject
Project("{FAE04EC0-301F-11D3-BF4B-00C04F79EFBC}") = "Evently.Modules.Users.Architecture.Tests", "Modules\Users\test\Evently.Modules.Users.Architecture.Tests\Evently.Modules.Users.Architecture.Tests.csproj", "{934305D4-1317-4073-9FAA-090CA8F1A17B}"
EndProject
Project("{FAE04EC0-301F-11D3-BF4B-00C04F79EFBC}") = "Evently.Common.ModuleArchitecture.Tests", "Common\Evently.Common.ModuleArchitecture.Tests\Evently.Common.ModuleArchitecture.Tests.csproj", "{F545B87F-64C5-4032-A956-4BCCB0984A8C}"
EndProject
Project("{FAE04EC0-301F-11D3-BF4B-00C04F79EFBC}") = "Evently.Modules.Ticketing.Architecture.Tests", "Modules\Ticketing\Evently.Modules.Ticketing.Architecture.Tests\Evently.Modules.Ticketing.Architecture.Tests.csproj", "{923B25EC-BAFA-4993-8378-25E1B8816951}"
EndProject
Project("{FAE04EC0-301F-11D3-BF4B-00C04F79EFBC}") = "Evently.Modules.Events.Architecture.Tests", "Modules\Events\Evently.Modules.Events.Architecture.Tests\Evently.Modules.Events.Architecture.Tests.csproj", "{17CFE0E8-47FF-4C20-B731-E05B7D6936A3}"
EndProject
Project("{FAE04EC0-301F-11D3-BF4B-00C04F79EFBC}") = "Evently.Modules.Attendance.Architecture.Tests", "Modules\Attendance\Evently.Modules.Attendance.Architecture.Tests\Evently.Modules.Attendance.Architecture.Tests.csproj", "{7C9DE625-4BBE-46EE-B2A1-BC36746F6E89}"
EndProject
Project("{FAE04EC0-301F-11D3-BF4B-00C04F79EFBC}") = "Evently.Modules.Ticketing.IntegrationEvents", "Modules\Ticketing\Evently.Modules.Ticketing.IntegrationEvents\Evently.Modules.Ticketing.IntegrationEvents.csproj", "{B847E8B3-B237-40E6-B589-68CD8BDE59E2}"
EndProject
Global
	GlobalSection(SolutionConfigurationPlatforms) = preSolution
		Debug|Any CPU = Debug|Any CPU
		Release|Any CPU = Release|Any CPU
	EndGlobalSection
	GlobalSection(NestedProjects) = preSolution
		{910F1499-EFC3-42C6-8E75-23DEA3FC48A1} = {CBC776C0-7619-4889-9677-8405EBDE87AE}
		{BF40A5C8-37ED-44EF-92CD-75672546FF7D} = {CBC776C0-7619-4889-9677-8405EBDE87AE}
		{6B9B9877-1915-4CB8-B2D0-E23485CA0286} = {910F1499-EFC3-42C6-8E75-23DEA3FC48A1}
		{5918C38D-63BE-4C8D-9C33-F1137E0CD8B1} = {BF40A5C8-37ED-44EF-92CD-75672546FF7D}
		{947943ED-ECC6-4387-A8BE-D752604511B0} = {5918C38D-63BE-4C8D-9C33-F1137E0CD8B1}
		{03E10F96-E05B-4C71-B0EB-28D2C4751037} = {5918C38D-63BE-4C8D-9C33-F1137E0CD8B1}
		{C458BF60-CDF5-4D61-A000-CE32817CE3F1} = {5918C38D-63BE-4C8D-9C33-F1137E0CD8B1}
		{EF1291AC-182B-43DC-92FA-C53F5E03E7D9} = {5918C38D-63BE-4C8D-9C33-F1137E0CD8B1}
		{A4353BC3-5425-4A47-8923-03383E62FF8C} = {CBC776C0-7619-4889-9677-8405EBDE87AE}
		{88A26315-E0C8-4694-B5E3-866EFFE36408} = {A4353BC3-5425-4A47-8923-03383E62FF8C}
		{A67C577C-EEF1-4BE0-8060-C86C7AD4FAE5} = {A4353BC3-5425-4A47-8923-03383E62FF8C}
		{510AE66B-10B7-42D8-9547-DE01613369AB} = {A4353BC3-5425-4A47-8923-03383E62FF8C}
		{95450949-B17D-4D13-BD0A-719B37438978} = {A4353BC3-5425-4A47-8923-03383E62FF8C}
		{45DAA2B4-3B8C-444C-9374-285095804D51} = {BF40A5C8-37ED-44EF-92CD-75672546FF7D}
		{31407A95-C36F-400F-A6C0-8493C6903DD8} = {45DAA2B4-3B8C-444C-9374-285095804D51}
		{9585569F-A839-40BB-BDC9-0FA7B7506E14} = {45DAA2B4-3B8C-444C-9374-285095804D51}
		{99005AFA-4443-4C2A-88E9-F923B0338D2E} = {45DAA2B4-3B8C-444C-9374-285095804D51}
		{7522AF13-975B-425B-A0BC-7FF46E354F7B} = {45DAA2B4-3B8C-444C-9374-285095804D51}
		{8A00D266-25F3-41F8-845E-9BE9DCB0D27B} = {BF40A5C8-37ED-44EF-92CD-75672546FF7D}
		{B4651446-13DA-4FF7-A3EC-B14B9C847DB5} = {8A00D266-25F3-41F8-845E-9BE9DCB0D27B}
		{BE7D6C08-F209-41E1-8F50-260892741903} = {8A00D266-25F3-41F8-845E-9BE9DCB0D27B}
		{196F73FA-E614-49A1-BE0E-4FC40D8E91DB} = {8A00D266-25F3-41F8-845E-9BE9DCB0D27B}
		{B2AD8179-0587-4D39-980E-B1E47EAE592A} = {8A00D266-25F3-41F8-845E-9BE9DCB0D27B}
		{E8B8A8B8-F8B9-4464-8D73-41E58863DFDE} = {CBC776C0-7619-4889-9677-8405EBDE87AE}
		{2D30B9CA-E59D-4A8D-88AB-C072FB811048} = {E8B8A8B8-F8B9-4464-8D73-41E58863DFDE}
		{DCC5E461-A739-4DD6-B906-BE6CE61A3EEB} = {45DAA2B4-3B8C-444C-9374-285095804D51}
		{F1063EA9-417E-4D88-B1D5-F56B17BA15AD} = {5918C38D-63BE-4C8D-9C33-F1137E0CD8B1}
		{F642188A-51BD-4CB0-A50F-FD1029E5FD30} = {BF40A5C8-37ED-44EF-92CD-75672546FF7D}
		{0FACEC65-8461-4DFA-A6F0-90A22E81BB27} = {F642188A-51BD-4CB0-A50F-FD1029E5FD30}
		{A425945E-C538-4F91-BA52-F20F3D2DAD9C} = {F642188A-51BD-4CB0-A50F-FD1029E5FD30}
		{45F22D1B-BE51-460D-8B34-4CDC7B1BA39B} = {F642188A-51BD-4CB0-A50F-FD1029E5FD30}
		{92C69840-8C1A-459A-A1A5-7BCBEF158A31} = {F642188A-51BD-4CB0-A50F-FD1029E5FD30}
		{62A2852B-D920-4A63-AC87-733D1BF914D7} = {F642188A-51BD-4CB0-A50F-FD1029E5FD30}
		{B74D56C2-CA95-4838-AC45-5345910FF88A} = {1334D7DA-E2EF-42A4-A52E-968AA920F0A0}
		{934305D4-1317-4073-9FAA-090CA8F1A17B} = {45DAA2B4-3B8C-444C-9374-285095804D51}
		{F545B87F-64C5-4032-A956-4BCCB0984A8C} = {A4353BC3-5425-4A47-8923-03383E62FF8C}
		{923B25EC-BAFA-4993-8378-25E1B8816951} = {8A00D266-25F3-41F8-845E-9BE9DCB0D27B}
		{17CFE0E8-47FF-4C20-B731-E05B7D6936A3} = {5918C38D-63BE-4C8D-9C33-F1137E0CD8B1}
		{7C9DE625-4BBE-46EE-B2A1-BC36746F6E89} = {F642188A-51BD-4CB0-A50F-FD1029E5FD30}
		{B847E8B3-B237-40E6-B589-68CD8BDE59E2} = {8A00D266-25F3-41F8-845E-9BE9DCB0D27B}
	EndGlobalSection
	GlobalSection(ProjectConfigurationPlatforms) = postSolution
		{6B9B9877-1915-4CB8-B2D0-E23485CA0286}.Debug|Any CPU.ActiveCfg = Debug|Any CPU
		{6B9B9877-1915-4CB8-B2D0-E23485CA0286}.Debug|Any CPU.Build.0 = Debug|Any CPU
		{6B9B9877-1915-4CB8-B2D0-E23485CA0286}.Release|Any CPU.ActiveCfg = Release|Any CPU
		{6B9B9877-1915-4CB8-B2D0-E23485CA0286}.Release|Any CPU.Build.0 = Release|Any CPU
		{947943ED-ECC6-4387-A8BE-D752604511B0}.Debug|Any CPU.ActiveCfg = Debug|Any CPU
		{947943ED-ECC6-4387-A8BE-D752604511B0}.Debug|Any CPU.Build.0 = Debug|Any CPU
		{947943ED-ECC6-4387-A8BE-D752604511B0}.Release|Any CPU.ActiveCfg = Release|Any CPU
		{947943ED-ECC6-4387-A8BE-D752604511B0}.Release|Any CPU.Build.0 = Release|Any CPU
		{03E10F96-E05B-4C71-B0EB-28D2C4751037}.Debug|Any CPU.ActiveCfg = Debug|Any CPU
		{03E10F96-E05B-4C71-B0EB-28D2C4751037}.Debug|Any CPU.Build.0 = Debug|Any CPU
		{03E10F96-E05B-4C71-B0EB-28D2C4751037}.Release|Any CPU.ActiveCfg = Release|Any CPU
		{03E10F96-E05B-4C71-B0EB-28D2C4751037}.Release|Any CPU.Build.0 = Release|Any CPU
		{C458BF60-CDF5-4D61-A000-CE32817CE3F1}.Debug|Any CPU.ActiveCfg = Debug|Any CPU
		{C458BF60-CDF5-4D61-A000-CE32817CE3F1}.Debug|Any CPU.Build.0 = Debug|Any CPU
		{C458BF60-CDF5-4D61-A000-CE32817CE3F1}.Release|Any CPU.ActiveCfg = Release|Any CPU
		{C458BF60-CDF5-4D61-A000-CE32817CE3F1}.Release|Any CPU.Build.0 = Release|Any CPU
		{EF1291AC-182B-43DC-92FA-C53F5E03E7D9}.Debug|Any CPU.ActiveCfg = Debug|Any CPU
		{EF1291AC-182B-43DC-92FA-C53F5E03E7D9}.Debug|Any CPU.Build.0 = Debug|Any CPU
		{EF1291AC-182B-43DC-92FA-C53F5E03E7D9}.Release|Any CPU.ActiveCfg = Release|Any CPU
		{EF1291AC-182B-43DC-92FA-C53F5E03E7D9}.Release|Any CPU.Build.0 = Release|Any CPU
		{88A26315-E0C8-4694-B5E3-866EFFE36408}.Debug|Any CPU.ActiveCfg = Debug|Any CPU
		{88A26315-E0C8-4694-B5E3-866EFFE36408}.Debug|Any CPU.Build.0 = Debug|Any CPU
		{88A26315-E0C8-4694-B5E3-866EFFE36408}.Release|Any CPU.ActiveCfg = Release|Any CPU
		{88A26315-E0C8-4694-B5E3-866EFFE36408}.Release|Any CPU.Build.0 = Release|Any CPU
		{A67C577C-EEF1-4BE0-8060-C86C7AD4FAE5}.Debug|Any CPU.ActiveCfg = Debug|Any CPU
		{A67C577C-EEF1-4BE0-8060-C86C7AD4FAE5}.Debug|Any CPU.Build.0 = Debug|Any CPU
		{A67C577C-EEF1-4BE0-8060-C86C7AD4FAE5}.Release|Any CPU.ActiveCfg = Release|Any CPU
		{A67C577C-EEF1-4BE0-8060-C86C7AD4FAE5}.Release|Any CPU.Build.0 = Release|Any CPU
		{510AE66B-10B7-42D8-9547-DE01613369AB}.Debug|Any CPU.ActiveCfg = Debug|Any CPU
		{510AE66B-10B7-42D8-9547-DE01613369AB}.Debug|Any CPU.Build.0 = Debug|Any CPU
		{510AE66B-10B7-42D8-9547-DE01613369AB}.Release|Any CPU.ActiveCfg = Release|Any CPU
		{510AE66B-10B7-42D8-9547-DE01613369AB}.Release|Any CPU.Build.0 = Release|Any CPU
		{95450949-B17D-4D13-BD0A-719B37438978}.Debug|Any CPU.ActiveCfg = Debug|Any CPU
		{95450949-B17D-4D13-BD0A-719B37438978}.Debug|Any CPU.Build.0 = Debug|Any CPU
		{95450949-B17D-4D13-BD0A-719B37438978}.Release|Any CPU.ActiveCfg = Release|Any CPU
		{95450949-B17D-4D13-BD0A-719B37438978}.Release|Any CPU.Build.0 = Release|Any CPU
		{31407A95-C36F-400F-A6C0-8493C6903DD8}.Debug|Any CPU.ActiveCfg = Debug|Any CPU
		{31407A95-C36F-400F-A6C0-8493C6903DD8}.Debug|Any CPU.Build.0 = Debug|Any CPU
		{31407A95-C36F-400F-A6C0-8493C6903DD8}.Release|Any CPU.ActiveCfg = Release|Any CPU
		{31407A95-C36F-400F-A6C0-8493C6903DD8}.Release|Any CPU.Build.0 = Release|Any CPU
		{9585569F-A839-40BB-BDC9-0FA7B7506E14}.Debug|Any CPU.ActiveCfg = Debug|Any CPU
		{9585569F-A839-40BB-BDC9-0FA7B7506E14}.Debug|Any CPU.Build.0 = Debug|Any CPU
		{9585569F-A839-40BB-BDC9-0FA7B7506E14}.Release|Any CPU.ActiveCfg = Release|Any CPU
		{9585569F-A839-40BB-BDC9-0FA7B7506E14}.Release|Any CPU.Build.0 = Release|Any CPU
		{99005AFA-4443-4C2A-88E9-F923B0338D2E}.Debug|Any CPU.ActiveCfg = Debug|Any CPU
		{99005AFA-4443-4C2A-88E9-F923B0338D2E}.Debug|Any CPU.Build.0 = Debug|Any CPU
		{99005AFA-4443-4C2A-88E9-F923B0338D2E}.Release|Any CPU.ActiveCfg = Release|Any CPU
		{99005AFA-4443-4C2A-88E9-F923B0338D2E}.Release|Any CPU.Build.0 = Release|Any CPU
		{7522AF13-975B-425B-A0BC-7FF46E354F7B}.Debug|Any CPU.ActiveCfg = Debug|Any CPU
		{7522AF13-975B-425B-A0BC-7FF46E354F7B}.Debug|Any CPU.Build.0 = Debug|Any CPU
		{7522AF13-975B-425B-A0BC-7FF46E354F7B}.Release|Any CPU.ActiveCfg = Release|Any CPU
		{7522AF13-975B-425B-A0BC-7FF46E354F7B}.Release|Any CPU.Build.0 = Release|Any CPU
		{B4651446-13DA-4FF7-A3EC-B14B9C847DB5}.Debug|Any CPU.ActiveCfg = Debug|Any CPU
		{B4651446-13DA-4FF7-A3EC-B14B9C847DB5}.Debug|Any CPU.Build.0 = Debug|Any CPU
		{B4651446-13DA-4FF7-A3EC-B14B9C847DB5}.Release|Any CPU.ActiveCfg = Release|Any CPU
		{B4651446-13DA-4FF7-A3EC-B14B9C847DB5}.Release|Any CPU.Build.0 = Release|Any CPU
		{BE7D6C08-F209-41E1-8F50-260892741903}.Debug|Any CPU.ActiveCfg = Debug|Any CPU
		{BE7D6C08-F209-41E1-8F50-260892741903}.Debug|Any CPU.Build.0 = Debug|Any CPU
		{BE7D6C08-F209-41E1-8F50-260892741903}.Release|Any CPU.ActiveCfg = Release|Any CPU
		{BE7D6C08-F209-41E1-8F50-260892741903}.Release|Any CPU.Build.0 = Release|Any CPU
		{196F73FA-E614-49A1-BE0E-4FC40D8E91DB}.Debug|Any CPU.ActiveCfg = Debug|Any CPU
		{196F73FA-E614-49A1-BE0E-4FC40D8E91DB}.Debug|Any CPU.Build.0 = Debug|Any CPU
		{196F73FA-E614-49A1-BE0E-4FC40D8E91DB}.Release|Any CPU.ActiveCfg = Release|Any CPU
		{196F73FA-E614-49A1-BE0E-4FC40D8E91DB}.Release|Any CPU.Build.0 = Release|Any CPU
		{B2AD8179-0587-4D39-980E-B1E47EAE592A}.Debug|Any CPU.ActiveCfg = Debug|Any CPU
		{B2AD8179-0587-4D39-980E-B1E47EAE592A}.Debug|Any CPU.Build.0 = Debug|Any CPU
		{B2AD8179-0587-4D39-980E-B1E47EAE592A}.Release|Any CPU.ActiveCfg = Release|Any CPU
		{B2AD8179-0587-4D39-980E-B1E47EAE592A}.Release|Any CPU.Build.0 = Release|Any CPU
		{2D30B9CA-E59D-4A8D-88AB-C072FB811048}.Debug|Any CPU.ActiveCfg = Debug|Any CPU
		{2D30B9CA-E59D-4A8D-88AB-C072FB811048}.Debug|Any CPU.Build.0 = Debug|Any CPU
		{2D30B9CA-E59D-4A8D-88AB-C072FB811048}.Release|Any CPU.ActiveCfg = Release|Any CPU
		{2D30B9CA-E59D-4A8D-88AB-C072FB811048}.Release|Any CPU.Build.0 = Release|Any CPU
		{DCC5E461-A739-4DD6-B906-BE6CE61A3EEB}.Debug|Any CPU.ActiveCfg = Debug|Any CPU
		{DCC5E461-A739-4DD6-B906-BE6CE61A3EEB}.Debug|Any CPU.Build.0 = Debug|Any CPU
		{DCC5E461-A739-4DD6-B906-BE6CE61A3EEB}.Release|Any CPU.ActiveCfg = Release|Any CPU
		{DCC5E461-A739-4DD6-B906-BE6CE61A3EEB}.Release|Any CPU.Build.0 = Release|Any CPU
		{F1063EA9-417E-4D88-B1D5-F56B17BA15AD}.Debug|Any CPU.ActiveCfg = Debug|Any CPU
		{F1063EA9-417E-4D88-B1D5-F56B17BA15AD}.Debug|Any CPU.Build.0 = Debug|Any CPU
		{F1063EA9-417E-4D88-B1D5-F56B17BA15AD}.Release|Any CPU.ActiveCfg = Release|Any CPU
		{F1063EA9-417E-4D88-B1D5-F56B17BA15AD}.Release|Any CPU.Build.0 = Release|Any CPU
		{0FACEC65-8461-4DFA-A6F0-90A22E81BB27}.Debug|Any CPU.ActiveCfg = Debug|Any CPU
		{0FACEC65-8461-4DFA-A6F0-90A22E81BB27}.Debug|Any CPU.Build.0 = Debug|Any CPU
		{0FACEC65-8461-4DFA-A6F0-90A22E81BB27}.Release|Any CPU.ActiveCfg = Release|Any CPU
		{0FACEC65-8461-4DFA-A6F0-90A22E81BB27}.Release|Any CPU.Build.0 = Release|Any CPU
		{A425945E-C538-4F91-BA52-F20F3D2DAD9C}.Debug|Any CPU.ActiveCfg = Debug|Any CPU
		{A425945E-C538-4F91-BA52-F20F3D2DAD9C}.Debug|Any CPU.Build.0 = Debug|Any CPU
		{A425945E-C538-4F91-BA52-F20F3D2DAD9C}.Release|Any CPU.ActiveCfg = Release|Any CPU
		{A425945E-C538-4F91-BA52-F20F3D2DAD9C}.Release|Any CPU.Build.0 = Release|Any CPU
		{45F22D1B-BE51-460D-8B34-4CDC7B1BA39B}.Debug|Any CPU.ActiveCfg = Debug|Any CPU
		{45F22D1B-BE51-460D-8B34-4CDC7B1BA39B}.Debug|Any CPU.Build.0 = Debug|Any CPU
		{45F22D1B-BE51-460D-8B34-4CDC7B1BA39B}.Release|Any CPU.ActiveCfg = Release|Any CPU
		{45F22D1B-BE51-460D-8B34-4CDC7B1BA39B}.Release|Any CPU.Build.0 = Release|Any CPU
		{92C69840-8C1A-459A-A1A5-7BCBEF158A31}.Debug|Any CPU.ActiveCfg = Debug|Any CPU
		{92C69840-8C1A-459A-A1A5-7BCBEF158A31}.Debug|Any CPU.Build.0 = Debug|Any CPU
		{92C69840-8C1A-459A-A1A5-7BCBEF158A31}.Release|Any CPU.ActiveCfg = Release|Any CPU
		{92C69840-8C1A-459A-A1A5-7BCBEF158A31}.Release|Any CPU.Build.0 = Release|Any CPU
		{62A2852B-D920-4A63-AC87-733D1BF914D7}.Debug|Any CPU.ActiveCfg = Debug|Any CPU
		{62A2852B-D920-4A63-AC87-733D1BF914D7}.Debug|Any CPU.Build.0 = Debug|Any CPU
		{62A2852B-D920-4A63-AC87-733D1BF914D7}.Release|Any CPU.ActiveCfg = Release|Any CPU
		{62A2852B-D920-4A63-AC87-733D1BF914D7}.Release|Any CPU.Build.0 = Release|Any CPU
		{B74D56C2-CA95-4838-AC45-5345910FF88A}.Debug|Any CPU.ActiveCfg = Debug|Any CPU
		{B74D56C2-CA95-4838-AC45-5345910FF88A}.Debug|Any CPU.Build.0 = Debug|Any CPU
		{B74D56C2-CA95-4838-AC45-5345910FF88A}.Release|Any CPU.ActiveCfg = Release|Any CPU
		{B74D56C2-CA95-4838-AC45-5345910FF88A}.Release|Any CPU.Build.0 = Release|Any CPU
		{934305D4-1317-4073-9FAA-090CA8F1A17B}.Debug|Any CPU.ActiveCfg = Debug|Any CPU
		{934305D4-1317-4073-9FAA-090CA8F1A17B}.Debug|Any CPU.Build.0 = Debug|Any CPU
		{934305D4-1317-4073-9FAA-090CA8F1A17B}.Release|Any CPU.ActiveCfg = Release|Any CPU
		{934305D4-1317-4073-9FAA-090CA8F1A17B}.Release|Any CPU.Build.0 = Release|Any CPU
		{F545B87F-64C5-4032-A956-4BCCB0984A8C}.Debug|Any CPU.ActiveCfg = Debug|Any CPU
		{F545B87F-64C5-4032-A956-4BCCB0984A8C}.Debug|Any CPU.Build.0 = Debug|Any CPU
		{F545B87F-64C5-4032-A956-4BCCB0984A8C}.Release|Any CPU.ActiveCfg = Release|Any CPU
		{F545B87F-64C5-4032-A956-4BCCB0984A8C}.Release|Any CPU.Build.0 = Release|Any CPU
		{923B25EC-BAFA-4993-8378-25E1B8816951}.Debug|Any CPU.ActiveCfg = Debug|Any CPU
		{923B25EC-BAFA-4993-8378-25E1B8816951}.Debug|Any CPU.Build.0 = Debug|Any CPU
		{923B25EC-BAFA-4993-8378-25E1B8816951}.Release|Any CPU.ActiveCfg = Release|Any CPU
		{923B25EC-BAFA-4993-8378-25E1B8816951}.Release|Any CPU.Build.0 = Release|Any CPU
		{17CFE0E8-47FF-4C20-B731-E05B7D6936A3}.Debug|Any CPU.ActiveCfg = Debug|Any CPU
		{17CFE0E8-47FF-4C20-B731-E05B7D6936A3}.Debug|Any CPU.Build.0 = Debug|Any CPU
		{17CFE0E8-47FF-4C20-B731-E05B7D6936A3}.Release|Any CPU.ActiveCfg = Release|Any CPU
		{17CFE0E8-47FF-4C20-B731-E05B7D6936A3}.Release|Any CPU.Build.0 = Release|Any CPU
		{7C9DE625-4BBE-46EE-B2A1-BC36746F6E89}.Debug|Any CPU.ActiveCfg = Debug|Any CPU
		{7C9DE625-4BBE-46EE-B2A1-BC36746F6E89}.Debug|Any CPU.Build.0 = Debug|Any CPU
		{7C9DE625-4BBE-46EE-B2A1-BC36746F6E89}.Release|Any CPU.ActiveCfg = Release|Any CPU
		{7C9DE625-4BBE-46EE-B2A1-BC36746F6E89}.Release|Any CPU.Build.0 = Release|Any CPU
		{B847E8B3-B237-40E6-B589-68CD8BDE59E2}.Debug|Any CPU.ActiveCfg = Debug|Any CPU
		{B847E8B3-B237-40E6-B589-68CD8BDE59E2}.Debug|Any CPU.Build.0 = Debug|Any CPU
		{B847E8B3-B237-40E6-B589-68CD8BDE59E2}.Release|Any CPU.ActiveCfg = Release|Any CPU
		{B847E8B3-B237-40E6-B589-68CD8BDE59E2}.Release|Any CPU.Build.0 = Release|Any CPU
	EndGlobalSection
EndGlobal
